// !$*UTF8*$!
{
	archiveVersion = 1;
	classes = {
	};
	objectVersion = 50;
	objects = {

/* Begin PBXBuildFile section */
		FEE7F54F21461A7C0090F1B7 /* AppDelegate.swift in Sources */ = {isa = PBXBuildFile; fileRef = FEE7F54E21461A7C0090F1B7 /* AppDelegate.swift */; };
		FEE7F55121461A7C0090F1B7 /* ViewController.swift in Sources */ = {isa = PBXBuildFile; fileRef = FEE7F55021461A7C0090F1B7 /* ViewController.swift */; };
		FEE7F55421461A7C0090F1B7 /* Main.storyboard in Resources */ = {isa = PBXBuildFile; fileRef = FEE7F55221461A7C0090F1B7 /* Main.storyboard */; };
		FEE7F55621461A7D0090F1B7 /* Assets.xcassets in Resources */ = {isa = PBXBuildFile; fileRef = FEE7F55521461A7D0090F1B7 /* Assets.xcassets */; };
		FEE7F55921461A7D0090F1B7 /* LaunchScreen.storyboard in Resources */ = {isa = PBXBuildFile; fileRef = FEE7F55721461A7D0090F1B7 /* LaunchScreen.storyboard */; };
/* End PBXBuildFile section */

/* Begin PBXFileReference section */
		FEE7F54B21461A7C0090F1B7 /* UIViewPropertyAnimatorTest.app */ = {isa = PBXFileReference; explicitFileType = wrapper.application; includeInIndex = 0; path = UIViewPropertyAnimatorTest.app; sourceTree = BUILT_PRODUCTS_DIR; };
		FEE7F54E21461A7C0090F1B7 /* AppDelegate.swift */ = {isa = PBXFileReference; lastKnownFileType = sourcecode.swift; path = AppDelegate.swift; sourceTree = "<group>"; };
		FEE7F55021461A7C0090F1B7 /* ViewController.swift */ = {isa = PBXFileReference; lastKnownFileType = sourcecode.swift; path = ViewController.swift; sourceTree = "<group>"; };
		FEE7F55321461A7C0090F1B7 /* Base */ = {isa = PBXFileReference; lastKnownFileType = file.storyboard; name = Base; path = Base.lproj/Main.storyboard; sourceTree = "<group>"; };
		FEE7F55521461A7D0090F1B7 /* Assets.xcassets */ = {isa = PBXFileReference; lastKnownFileType = folder.assetcatalog; path = Assets.xcassets; sourceTree = "<group>"; };
		FEE7F55821461A7D0090F1B7 /* Base */ = {isa = PBXFileReference; lastKnownFileType = file.storyboard; name = Base; path = Base.lproj/LaunchScreen.storyboard; sourceTree = "<group>"; };
		FEE7F55A21461A7D0090F1B7 /* Info.plist */ = {isa = PBXFileReference; lastKnownFileType = text.plist.xml; path = Info.plist; sourceTree = "<group>"; };
/* End PBXFileReference section */

/* Begin PBXFrameworksBuildPhase section */
		FEE7F54821461A7C0090F1B7 /* Frameworks */ = {
			isa = PBXFrameworksBuildPhase;
			buildActionMask = 2147483647;
			files = (
			);
			runOnlyForDeploymentPostprocessing = 0;
		};
/* End PBXFrameworksBuildPhase section */

/* Begin PBXGroup section */
		FEE7F54221461A7C0090F1B7 = {
			isa = PBXGroup;
			children = (
				FEE7F54D21461A7C0090F1B7 /* UIViewPropertyAnimatorTest */,
				FEE7F54C21461A7C0090F1B7 /* Products */,
			);
			sourceTree = "<group>";
		};
		FEE7F54C21461A7C0090F1B7 /* Products */ = {
			isa = PBXGroup;
			children = (
				FEE7F54B21461A7C0090F1B7 /* UIViewPropertyAnimatorTest.app */,
			);
			name = Products;
			sourceTree = "<group>";
		};
		FEE7F54D21461A7C0090F1B7 /* UIViewPropertyAnimatorTest */ = {
			isa = PBXGroup;
			children = (
				FEE7F54E21461A7C0090F1B7 /* AppDelegate.swift */,
				FEE7F55021461A7C0090F1B7 /* ViewController.swift */,
				FEE7F55221461A7C0090F1B7 /* Main.storyboard */,
				FEE7F55521461A7D0090F1B7 /* Assets.xcassets */,
				FEE7F55721461A7D0090F1B7 /* LaunchScreen.storyboard */,
				FEE7F55A21461A7D0090F1B7 /* Info.plist */,
			);
			path = UIViewPropertyAnimatorTest;
			sourceTree = "<group>";
		};
/* End PBXGroup section */

/* Begin PBXNativeTarget section */
		FEE7F54A21461A7C0090F1B7 /* UIViewPropertyAnimatorTest */ = {
			isa = PBXNativeTarget;
			buildConfigurationList = FEE7F55D21461A7D0090F1B7 /* Build configuration list for PBXNativeTarget "UIViewPropertyAnimatorTest" */;
			buildPhases = (
				FEE7F54721461A7C0090F1B7 /* Sources */,
				FEE7F54821461A7C0090F1B7 /* Frameworks */,
				FEE7F54921461A7C0090F1B7 /* Resources */,
			);
			buildRules = (
			);
			dependencies = (
			);
			name = UIViewPropertyAnimatorTest;
			productName = UIViewPropertyAnimatorTest;
			productReference = FEE7F54B21461A7C0090F1B7 /* UIViewPropertyAnimatorTest.app */;
			productType = "com.apple.product-type.application";
		};
/* End PBXNativeTarget section */

/* Begin PBXProject section */
		FEE7F54321461A7C0090F1B7 /* Project object */ = {
			isa = PBXProject;
			attributes = {
				LastSwiftUpdateCheck = 0940;
				LastUpgradeCheck = 0940;
				ORGANIZATIONNAME = "Hairui's Organisation";
				TargetAttributes = {
					FEE7F54A21461A7C0090F1B7 = {
						CreatedOnToolsVersion = 9.4.1;
					};
				};
			};
			buildConfigurationList = FEE7F54621461A7C0090F1B7 /* Build configuration list for PBXProject "UIViewPropertyAnimatorTest" */;
			compatibilityVersion = "Xcode 9.3";
			developmentRegion = en;
			hasScannedForEncodings = 0;
			knownRegions = (
				en,
				Base,
			);
			mainGroup = FEE7F54221461A7C0090F1B7;
			productRefGroup = FEE7F54C21461A7C0090F1B7 /* Products */;
			projectDirPath = "";
			projectRoot = "";
			targets = (
				FEE7F54A21461A7C0090F1B7 /* UIViewPropertyAnimatorTest */,
			);
		};
/* End PBXProject section */

/* Begin PBXResourcesBuildPhase section */
		FEE7F54921461A7C0090F1B7 /* Resources */ = {
			isa = PBXResourcesBuildPhase;
			buildActionMask = 2147483647;
			files = (
				FEE7F55921461A7D0090F1B7 /* LaunchScreen.storyboard in Resources */,
				FEE7F55621461A7D0090F1B7 /* Assets.xcassets in Resources */,
				FEE7F55421461A7C0090F1B7 /* Main.storyboard in Resources */,
			);
			runOnlyForDeploymentPostprocessing = 0;
		};
/* End PBXResourcesBuildPhase section */

/* Begin PBXSourcesBuildPhase section */
		FEE7F54721461A7C0090F1B7 /* Sources */ = {
			isa = PBXSourcesBuildPhase;
			buildActionMask = 2147483647;
			files = (
				FEE7F55121461A7C0090F1B7 /* ViewController.swift in Sources */,
				FEE7F54F21461A7C0090F1B7 /* AppDelegate.swift in Sources */,
			);
			runOnlyForDeploymentPostprocessing = 0;
		};
/* End PBXSourcesBuildPhase section */

/* Begin PBXVariantGroup section */
		FEE7F55221461A7C0090F1B7 /* Main.storyboard */ = {
			isa = PBXVariantGroup;
			children = (
				FEE7F55321461A7C0090F1B7 /* Base */,
			);
			name = Main.storyboard;
			sourceTree = "<group>";
		};
		FEE7F55721461A7D0090F1B7 /* LaunchScreen.storyboard */ = {
			isa = PBXVariantGroup;
			children = (
				FEE7F55821461A7D0090F1B7 /* Base */,
			);
			name = LaunchScreen.storyboard;
			sourceTree = "<group>";
		};
/* End PBXVariantGroup section */

/* Begin XCBuildConfiguration section */
		FEE7F55B21461A7D0090F1B7 /* Debug */ = {
			isa = XCBuildConfiguration;
			buildSettings = {
				ALWAYS_SEARCH_USER_PATHS = NO;
				CLANG_ANALYZER_NONNULL = YES;
				CLANG_ANALYZER_NUMBER_OBJECT_CONVERSION = YES_AGGRESSIVE;
				CLANG_CXX_LANGUAGE_STANDARD = "gnu++14";
				CLANG_CXX_LIBRARY = "libc++";
				CLANG_ENABLE_MODULES = YES;
				CLANG_ENABLE_OBJC_ARC = YES;
				CLANG_ENABLE_OBJC_WEAK = YES;
				CLANG_WARN_BLOCK_CAPTURE_AUTORELEASING = YES;
				CLANG_WARN_BOOL_CONVERSION = YES;
				CLANG_WARN_COMMA = YES;
				CLANG_WARN_CONSTANT_CONVERSION = YES;
				CLANG_WARN_DEPRECATED_OBJC_IMPLEMENTATIONS = YES;
				CLANG_WARN_DIRECT_OBJC_ISA_USAGE = YES_ERROR;
				CLANG_WARN_DOCUMENTATION_COMMENTS = YES;
				CLANG_WARN_EMPTY_BODY = YES;
				CLANG_WARN_ENUM_CONVERSION = YES;
				CLANG_WARN_INFINITE_RECURSION = YES;
				CLANG_WARN_INT_CONVERSION = YES;
				CLANG_WARN_NON_LITERAL_NULL_CONVERSION = YES;
				CLANG_WARN_OBJC_IMPLICIT_RETAIN_SELF = YES;
				CLANG_WARN_OBJC_LITERAL_CONVERSION = YES;
				CLANG_WARN_OBJC_ROOT_CLASS = YES_ERROR;
				CLANG_WARN_RANGE_LOOP_ANALYSIS = YES;
				CLANG_WARN_STRICT_PROTOTYPES = YES;
				CLANG_WARN_SUSPICIOUS_MOVE = YES;
				CLANG_WARN_UNGUARDED_AVAILABILITY = YES_AGGRESSIVE;
				CLANG_WARN_UNREACHABLE_CODE = YES;
				CLANG_WARN__DUPLICATE_METHOD_MATCH = YES;
				CODE_SIGN_IDENTITY = "iPhone Developer";
				COPY_PHASE_STRIP = NO;
				DEBUG_INFORMATION_FORMAT = dwarf;
				ENABLE_STRICT_OBJC_MSGSEND = YES;
				ENABLE_TESTABILITY = YES;
				GCC_C_LANGUAGE_STANDARD = gnu11;
				GCC_DYNAMIC_NO_PIC = NO;
				GCC_NO_COMMON_BLOCKS = YES;
				GCC_OPTIMIZATION_LEVEL = 0;
				GCC_PREPROCESSOR_DEFINITIONS = (
					"DEBUG=1",
					"$(inherited)",
				);
				GCC_WARN_64_TO_32_BIT_CONVERSION = YES;
				GCC_WARN_ABOUT_RETURN_TYPE = YES_ERROR;
				GCC_WARN_UNDECLARED_SELECTOR = YES;
				GCC_WARN_UNINITIALIZED_AUTOS = YES_AGGRESSIVE;
				GCC_WARN_UNUSED_FUNCTION = YES;
				GCC_WARN_UNUSED_VARIABLE = YES;
				IPHONEOS_DEPLOYMENT_TARGET = 11.4;
				MTL_ENABLE_DEBUG_INFO = YES;
				ONLY_ACTIVE_ARCH = YES;
				SDKROOT = iphoneos;
				SWIFT_ACTIVE_COMPILATION_CONDITIONS = DEBUG;
				SWIFT_OPTIMIZATION_LEVEL = "-Onone";
			};
			name = Debug;
		};
		FEE7F55C21461A7D0090F1B7 /* Release */ = {
			isa = XCBuildConfiguration;
			buildSettings = {
				ALWAYS_SEARCH_USER_PATHS = NO;
				CLANG_ANALYZER_NONNULL = YES;
				CLANG_ANALYZER_NUMBER_OBJECT_CONVERSION = YES_AGGRESSIVE;
				CLANG_CXX_LANGUAGE_STANDARD = "gnu++14";
				CLANG_CXX_LIBRARY = "libc++";
				CLANG_ENABLE_MODULES = YES;
				CLANG_ENABLE_OBJC_ARC = YES;
				CLANG_ENABLE_OBJC_WEAK = YES;
				CLANG_WARN_BLOCK_CAPTURE_AUTORELEASING = YES;
				CLANG_WARN_BOOL_CONVERSION = YES;
				CLANG_WARN_COMMA = YES;
				CLANG_WARN_CONSTANT_CONVERSION = YES;
				CLANG_WARN_DEPRECATED_OBJC_IMPLEMENTATIONS = YES;
				CLANG_WARN_DIRECT_OBJC_ISA_USAGE = YES_ERROR;
				CLANG_WARN_DOCUMENTATION_COMMENTS = YES;
				CLANG_WARN_EMPTY_BODY = YES;
				CLANG_WARN_ENUM_CONVERSION = YES;
				CLANG_WARN_INFINITE_RECURSION = YES;
				CLANG_WARN_INT_CONVERSION = YES;
				CLANG_WARN_NON_LITERAL_NULL_CONVERSION = YES;
				CLANG_WARN_OBJC_IMPLICIT_RETAIN_SELF = YES;
				CLANG_WARN_OBJC_LITERAL_CONVERSION = YES;
				CLANG_WARN_OBJC_ROOT_CLASS = YES_ERROR;
				CLANG_WARN_RANGE_LOOP_ANALYSIS = YES;
				CLANG_WARN_STRICT_PROTOTYPES = YES;
				CLANG_WARN_SUSPICIOUS_MOVE = YES;
				CLANG_WARN_UNGUARDED_AVAILABILITY = YES_AGGRESSIVE;
				CLANG_WARN_UNREACHABLE_CODE = YES;
				CLANG_WARN__DUPLICATE_METHOD_MATCH = YES;
				CODE_SIGN_IDENTITY = "iPhone Developer";
				COPY_PHASE_STRIP = NO;
				DEBUG_INFORMATION_FORMAT = "dwarf-with-dsym";
				ENABLE_NS_ASSERTIONS = NO;
				ENABLE_STRICT_OBJC_MSGSEND = YES;
				GCC_C_LANGUAGE_STANDARD = gnu11;
				GCC_NO_COMMON_BLOCKS = YES;
				GCC_WARN_64_TO_32_BIT_CONVERSION = YES;
				GCC_WARN_ABOUT_RETURN_TYPE = YES_ERROR;
				GCC_WARN_UNDECLARED_SELECTOR = YES;
				GCC_WARN_UNINITIALIZED_AUTOS = YES_AGGRESSIVE;
				GCC_WARN_UNUSED_FUNCTION = YES;
				GCC_WARN_UNUSED_VARIABLE = YES;
				IPHONEOS_DEPLOYMENT_TARGET = 11.4;
				MTL_ENABLE_DEBUG_INFO = NO;
				SDKROOT = iphoneos;
				SWIFT_COMPILATION_MODE = wholemodule;
				SWIFT_OPTIMIZATION_LEVEL = "-O";
				VALIDATE_PRODUCT = YES;
			};
			name = Release;
		};
		FEE7F55E21461A7D0090F1B7 /* Debug */ = {
			isa = XCBuildConfiguration;
			buildSettings = {
				ASSETCATALOG_COMPILER_APPICON_NAME = AppIcon;
				CODE_SIGN_STYLE = Automatic;
				DEVELOPMENT_TEAM = 7F4QLBXH7S;
				INFOPLIST_FILE = UIViewPropertyAnimatorTest/Info.plist;
				LD_RUNPATH_SEARCH_PATHS = (
					"$(inherited)",
					"@executable_path/Frameworks",
				);
				PRODUCT_BUNDLE_IDENTIFIER = hairui.UIViewPropertyAnimatorTest;
				PRODUCT_NAME = "$(TARGET_NAME)";
				SWIFT_VERSION = 4.0;
				TARGETED_DEVICE_FAMILY = "1,2";
			};
			name = Debug;
		};
		FEE7F55F21461A7D0090F1B7 /* Release */ = {
			isa = XCBuildConfiguration;
			buildSettings = {
				ASSETCATALOG_COMPILER_APPICON_NAME = AppIcon;
				CODE_SIGN_STYLE = Automatic;
				DEVELOPMENT_TEAM = 7F4QLBXH7S;
				INFOPLIST_FILE = UIViewPropertyAnimatorTest/Info.plist;
				LD_RUNPATH_SEARCH_PATHS = (
					"$(inherited)",
					"@executable_path/Frameworks",
				);
				PRODUCT_BUNDLE_IDENTIFIER = hairui.UIViewPropertyAnimatorTest;
				PRODUCT_NAME = "$(TARGET_NAME)";
				SWIFT_VERSION = 4.0;
				TARGETED_DEVICE_FAMILY = "1,2";
			};
			name = Release;
		};
/* End XCBuildConfiguration section */

/* Begin XCConfigurationList section */
		FEE7F54621461A7C0090F1B7 /* Build configuration list for PBXProject "UIViewPropertyAnimatorTest" */ = {
			isa = XCConfigurationList;
			buildConfigurations = (
				FEE7F55B21461A7D0090F1B7 /* Debug */,
				FEE7F55C21461A7D0090F1B7 /* Release */,
			);
			defaultConfigurationIsVisible = 0;
			defaultConfigurationName = Release;
		};
		FEE7F55D21461A7D0090F1B7 /* Build configuration list for PBXNativeTarget "UIViewPropertyAnimatorTest" */ = {
			isa = XCConfigurationList;
			buildConfigurations = (
				FEE7F55E21461A7D0090F1B7 /* Debug */,
				FEE7F55F21461A7D0090F1B7 /* Release */,
			);
			defaultConfigurationIsVisible = 0;
			defaultConfigurationName = Release;
		};
/* End XCConfigurationList section */
	};
	rootObject = FEE7F54321461A7C0090F1B7 /* Project object */;
}
